
Microsoft Visual Studio Solution File, Format Version 12.00
# Visual Studio Version 17
VisualStudioVersion = 17.0.31903.59
MinimumVisualStudioVersion = 10.0.40219.1
Project("{FAE04EC0-301F-11D3-BF4B-00C04F79EFBC}") = "BubberBreakfast", "BubberBreakfast\BubberBreakfast.csproj", "{6DE44C3C-F3E9-4970-8A04-B34963D433C8}"
EndProject
Project("{FAE04EC0-301F-11D3-BF4B-00C04F79EFBC}") = "BubberBreakfast.Contracts", "BubberBreakfast.Contracts\BubberBreakfast.Contracts.csproj", "{FE3B89DB-D9A2-4952-97C9-D6DBFDEC06D0}"
EndProject
Global
	GlobalSection(SolutionConfigurationPlatforms) = preSolution
		Debug|Any CPU = Debug|Any CPU
		Release|Any CPU = Release|Any CPU
	EndGlobalSection
	GlobalSection(SolutionProperties) = preSolution
		HideSolutionNode = FALSE
	EndGlobalSection
	GlobalSection(ProjectConfigurationPlatforms) = postSolution
		{6DE44C3C-F3E9-4970-8A04-B34963D433C8}.Debug|Any CPU.ActiveCfg = Debug|Any CPU
		{6DE44C3C-F3E9-4970-8A04-B34963D433C8}.Debug|Any CPU.Build.0 = Debug|Any CPU
		{6DE44C3C-F3E9-4970-8A04-B34963D433C8}.Release|Any CPU.ActiveCfg = Release|Any CPU
		{6DE44C3C-F3E9-4970-8A04-B34963D433C8}.Release|Any CPU.Build.0 = Release|Any CPU
		{FE3B89DB-D9A2-4952-97C9-D6DBFDEC06D0}.Debug|Any CPU.ActiveCfg = Debug|Any CPU
		{FE3B89DB-D9A2-4952-97C9-D6DBFDEC06D0}.Debug|Any CPU.Build.0 = Debug|Any CPU
		{FE3B89DB-D9A2-4952-97C9-D6DBFDEC06D0}.Release|Any CPU.ActiveCfg = Release|Any CPU
		{FE3B89DB-D9A2-4952-97C9-D6DBFDEC06D0}.Release|Any CPU.Build.0 = Release|Any CPU
	EndGlobalSection
EndGlobal
